
Microsoft Visual Studio Solution File, Format Version 12.00
# Visual Studio Version 17
VisualStudioVersion = 17.0.31903.59
MinimumVisualStudioVersion = 10.0.40219.1
Project("{2150E333-8FDC-42A3-9474-1A3956D46DE8}") = "src", "src", "{C2846B04-865E-45D6-9639-1E07D651DE3C}"
EndProject
Project("{FAE04EC0-301F-11D3-BF4B-00C04F79EFBC}") = "AuctionService", "src\AuctionService\AuctionService.csproj", "{66E7F4C7-2F8C-4695-BECF-58C34F3E8F65}"
EndProject
Project("{FAE04EC0-301F-11D3-BF4B-00C04F79EFBC}") = "SearchService", "src\SearchService\SearchService.csproj", "{7EE5FA23-564F-4115-AF6E-72B9B6E1D947}"
EndProject
Project("{FAE04EC0-301F-11D3-BF4B-00C04F79EFBC}") = "Contracts", "src\Contracts\Contracts.csproj", "{B2305171-CBE3-42F5-A00D-48136861E98B}"
EndProject
Project("{FAE04EC0-301F-11D3-BF4B-00C04F79EFBC}") = "IdentityService", "src\IdentityService\IdentityService.csproj", "{8BC1CE62-C32D-4ACF-8497-581F1FC06DAD}"
EndProject
Project("{FAE04EC0-301F-11D3-BF4B-00C04F79EFBC}") = "GatewayService", "src\GatewayService\GatewayService.csproj", "{B377FB55-1AD9-49DD-89E9-2F4C7BD5D0C0}"
EndProject
Global
	GlobalSection(SolutionConfigurationPlatforms) = preSolution
		Debug|Any CPU = Debug|Any CPU
		Release|Any CPU = Release|Any CPU
	EndGlobalSection
	GlobalSection(ProjectConfigurationPlatforms) = postSolution
		{66E7F4C7-2F8C-4695-BECF-58C34F3E8F65}.Debug|Any CPU.ActiveCfg = Debug|Any CPU
		{66E7F4C7-2F8C-4695-BECF-58C34F3E8F65}.Debug|Any CPU.Build.0 = Debug|Any CPU
		{66E7F4C7-2F8C-4695-BECF-58C34F3E8F65}.Release|Any CPU.ActiveCfg = Release|Any CPU
		{66E7F4C7-2F8C-4695-BECF-58C34F3E8F65}.Release|Any CPU.Build.0 = Release|Any CPU
		{7EE5FA23-564F-4115-AF6E-72B9B6E1D947}.Debug|Any CPU.ActiveCfg = Debug|Any CPU
		{7EE5FA23-564F-4115-AF6E-72B9B6E1D947}.Debug|Any CPU.Build.0 = Debug|Any CPU
		{7EE5FA23-564F-4115-AF6E-72B9B6E1D947}.Release|Any CPU.ActiveCfg = Release|Any CPU
		{7EE5FA23-564F-4115-AF6E-72B9B6E1D947}.Release|Any CPU.Build.0 = Release|Any CPU
		{B2305171-CBE3-42F5-A00D-48136861E98B}.Debug|Any CPU.ActiveCfg = Debug|Any CPU
		{B2305171-CBE3-42F5-A00D-48136861E98B}.Debug|Any CPU.Build.0 = Debug|Any CPU
		{B2305171-CBE3-42F5-A00D-48136861E98B}.Release|Any CPU.ActiveCfg = Release|Any CPU
		{B2305171-CBE3-42F5-A00D-48136861E98B}.Release|Any CPU.Build.0 = Release|Any CPU
		{8BC1CE62-C32D-4ACF-8497-581F1FC06DAD}.Debug|Any CPU.ActiveCfg = Debug|Any CPU
		{8BC1CE62-C32D-4ACF-8497-581F1FC06DAD}.Debug|Any CPU.Build.0 = Debug|Any CPU
		{8BC1CE62-C32D-4ACF-8497-581F1FC06DAD}.Release|Any CPU.ActiveCfg = Release|Any CPU
		{8BC1CE62-C32D-4ACF-8497-581F1FC06DAD}.Release|Any CPU.Build.0 = Release|Any CPU
		{B377FB55-1AD9-49DD-89E9-2F4C7BD5D0C0}.Debug|Any CPU.ActiveCfg = Debug|Any CPU
		{B377FB55-1AD9-49DD-89E9-2F4C7BD5D0C0}.Debug|Any CPU.Build.0 = Debug|Any CPU
		{B377FB55-1AD9-49DD-89E9-2F4C7BD5D0C0}.Release|Any CPU.ActiveCfg = Release|Any CPU
		{B377FB55-1AD9-49DD-89E9-2F4C7BD5D0C0}.Release|Any CPU.Build.0 = Release|Any CPU
	EndGlobalSection
	GlobalSection(SolutionProperties) = preSolution
		HideSolutionNode = FALSE
	EndGlobalSection
	GlobalSection(NestedProjects) = preSolution
		{66E7F4C7-2F8C-4695-BECF-58C34F3E8F65} = {C2846B04-865E-45D6-9639-1E07D651DE3C}
		{7EE5FA23-564F-4115-AF6E-72B9B6E1D947} = {C2846B04-865E-45D6-9639-1E07D651DE3C}
		{B2305171-CBE3-42F5-A00D-48136861E98B} = {C2846B04-865E-45D6-9639-1E07D651DE3C}
		{8BC1CE62-C32D-4ACF-8497-581F1FC06DAD} = {C2846B04-865E-45D6-9639-1E07D651DE3C}
		{B377FB55-1AD9-49DD-89E9-2F4C7BD5D0C0} = {C2846B04-865E-45D6-9639-1E07D651DE3C}
	EndGlobalSection
EndGlobal
